// !$*UTF8*$!
{
	archiveVersion = 1;
	classes = {
	};
	objectVersion = 46;
	objects = {

/* Begin PBXBuildFile section */
		B6103D6F1F344A6A0047B1A1 /* popover@2x.png in Resources */ = {isa = PBXBuildFile; fileRef = B6103D6A1F344A6A0047B1A1 /* popover@2x.png */; };
		B6103D701F344A6A0047B1A1 /* PopOverView.m in Sources */ = {isa = PBXBuildFile; fileRef = B6103D6C1F344A6A0047B1A1 /* PopOverView.m */; };
		B6103D711F344A6A0047B1A1 /* UITextField+PopOver.m in Sources */ = {isa = PBXBuildFile; fileRef = B6103D6E1F344A6A0047B1A1 /* UITextField+PopOver.m */; };
		B6103D7D1F344A790047B1A1 /* InputController.m in Sources */ = {isa = PBXBuildFile; fileRef = B6103D741F344A790047B1A1 /* InputController.m */; };
		B6103D7E1F344A790047B1A1 /* Person.m in Sources */ = {isa = PBXBuildFile; fileRef = B6103D761F344A790047B1A1 /* Person.m */; };
		B6103D7F1F344A790047B1A1 /* PersonSearch1Controller.m in Sources */ = {isa = PBXBuildFile; fileRef = B6103D781F344A790047B1A1 /* PersonSearch1Controller.m */; };
		B6103D801F344A790047B1A1 /* Search1Controller.m in Sources */ = {isa = PBXBuildFile; fileRef = B6103D7A1F344A790047B1A1 /* Search1Controller.m */; };
		B6103D811F344A790047B1A1 /* Search2Controller.m in Sources */ = {isa = PBXBuildFile; fileRef = B6103D7C1F344A790047B1A1 /* Search2Controller.m */; };
		B6103D851F344AFE0047B1A1 /* HeaderView.m in Sources */ = {isa = PBXBuildFile; fileRef = B6103D841F344AFE0047B1A1 /* HeaderView.m */; };
		B6103D881F344B2B0047B1A1 /* ZJMyButton.m in Sources */ = {isa = PBXBuildFile; fileRef = B6103D871F344B2B0047B1A1 /* ZJMyButton.m */; };
		B6103D8A1F344F540047B1A1 /* btn-_down@2x.png in Resources */ = {isa = PBXBuildFile; fileRef = B6103D891F344F540047B1A1 /* btn-_down@2x.png */; };
		B62378121EF91B6F004DE0DB /* main.m in Sources */ = {isa = PBXBuildFile; fileRef = B62378111EF91B6F004DE0DB /* main.m */; };
		B62378151EF91B6F004DE0DB /* AppDelegate.m in Sources */ = {isa = PBXBuildFile; fileRef = B62378141EF91B6F004DE0DB /* AppDelegate.m */; };
		B62378181EF91B70004DE0DB /* ViewController.m in Sources */ = {isa = PBXBuildFile; fileRef = B62378171EF91B70004DE0DB /* ViewController.m */; };
		B623781B1EF91B70004DE0DB /* Main.storyboard in Resources */ = {isa = PBXBuildFile; fileRef = B62378191EF91B70004DE0DB /* Main.storyboard */; };
		B623781D1EF91B70004DE0DB /* Assets.xcassets in Resources */ = {isa = PBXBuildFile; fileRef = B623781C1EF91B70004DE0DB /* Assets.xcassets */; };
		B62378201EF91B70004DE0DB /* LaunchScreen.storyboard in Resources */ = {isa = PBXBuildFile; fileRef = B623781E1EF91B70004DE0DB /* LaunchScreen.storyboard */; };
		B623782B1EF91B70004DE0DB /* SearchDemoTests.m in Sources */ = {isa = PBXBuildFile; fileRef = B623782A1EF91B70004DE0DB /* SearchDemoTests.m */; };
		B62378361EF91B70004DE0DB /* SearchDemoUITests.m in Sources */ = {isa = PBXBuildFile; fileRef = B62378351EF91B70004DE0DB /* SearchDemoUITests.m */; };
		B690BA491F2AE4A30011FD8B /* NSObject+AutoProperty.m in Sources */ = {isa = PBXBuildFile; fileRef = B690BA481F2AE4A30011FD8B /* NSObject+AutoProperty.m */; };
/* End PBXBuildFile section */

/* Begin PBXContainerItemProxy section */
		B62378271EF91B70004DE0DB /* PBXContainerItemProxy */ = {
			isa = PBXContainerItemProxy;
			containerPortal = B62378051EF91B6F004DE0DB /* Project object */;
			proxyType = 1;
			remoteGlobalIDString = B623780C1EF91B6F004DE0DB;
			remoteInfo = SearchDemo;
		};
		B62378321EF91B70004DE0DB /* PBXContainerItemProxy */ = {
			isa = PBXContainerItemProxy;
			containerPortal = B62378051EF91B6F004DE0DB /* Project object */;
			proxyType = 1;
			remoteGlobalIDString = B623780C1EF91B6F004DE0DB;
			remoteInfo = SearchDemo;
		};
/* End PBXContainerItemProxy section */

/* Begin PBXFileReference section */
		B6103D6A1F344A6A0047B1A1 /* popover@2x.png */ = {isa = PBXFileReference; lastKnownFileType = image.png; path = "popover@2x.png"; sourceTree = "<group>"; };
		B6103D6B1F344A6A0047B1A1 /* PopOverView.h */ = {isa = PBXFileReference; fileEncoding = 4; lastKnownFileType = sourcecode.c.h; path = PopOverView.h; sourceTree = "<group>"; };
		B6103D6C1F344A6A0047B1A1 /* PopOverView.m */ = {isa = PBXFileReference; fileEncoding = 4; lastKnownFileType = sourcecode.c.objc; path = PopOverView.m; sourceTree = "<group>"; };
		B6103D6D1F344A6A0047B1A1 /* UITextField+PopOver.h */ = {isa = PBXFileReference; fileEncoding = 4; lastKnownFileType = sourcecode.c.h; path = "UITextField+PopOver.h"; sourceTree = "<group>"; };
		B6103D6E1F344A6A0047B1A1 /* UITextField+PopOver.m */ = {isa = PBXFileReference; fileEncoding = 4; lastKnownFileType = sourcecode.c.objc; path = "UITextField+PopOver.m"; sourceTree = "<group>"; };
		B6103D731F344A790047B1A1 /* InputController.h */ = {isa = PBXFileReference; fileEncoding = 4; lastKnownFileType = sourcecode.c.h; path = InputController.h; sourceTree = "<group>"; };
		B6103D741F344A790047B1A1 /* InputController.m */ = {isa = PBXFileReference; fileEncoding = 4; lastKnownFileType = sourcecode.c.objc; path = InputController.m; sourceTree = "<group>"; };
		B6103D751F344A790047B1A1 /* Person.h */ = {isa = PBXFileReference; fileEncoding = 4; lastKnownFileType = sourcecode.c.h; path = Person.h; sourceTree = "<group>"; };
		B6103D761F344A790047B1A1 /* Person.m */ = {isa = PBXFileReference; fileEncoding = 4; lastKnownFileType = sourcecode.c.objc; path = Person.m; sourceTree = "<group>"; };
		B6103D771F344A790047B1A1 /* PersonSearch1Controller.h */ = {isa = PBXFileReference; fileEncoding = 4; lastKnownFileType = sourcecode.c.h; path = PersonSearch1Controller.h; sourceTree = "<group>"; };
		B6103D781F344A790047B1A1 /* PersonSearch1Controller.m */ = {isa = PBXFileReference; fileEncoding = 4; lastKnownFileType = sourcecode.c.objc; path = PersonSearch1Controller.m; sourceTree = "<group>"; };
		B6103D791F344A790047B1A1 /* Search1Controller.h */ = {isa = PBXFileReference; fileEncoding = 4; lastKnownFileType = sourcecode.c.h; path = Search1Controller.h; sourceTree = "<group>"; };
		B6103D7A1F344A790047B1A1 /* Search1Controller.m */ = {isa = PBXFileReference; fileEncoding = 4; lastKnownFileType = sourcecode.c.objc; path = Search1Controller.m; sourceTree = "<group>"; };
		B6103D7B1F344A790047B1A1 /* Search2Controller.h */ = {isa = PBXFileReference; fileEncoding = 4; lastKnownFileType = sourcecode.c.h; path = Search2Controller.h; sourceTree = "<group>"; };
		B6103D7C1F344A790047B1A1 /* Search2Controller.m */ = {isa = PBXFileReference; fileEncoding = 4; lastKnownFileType = sourcecode.c.objc; path = Search2Controller.m; sourceTree = "<group>"; };
		B6103D831F344AFE0047B1A1 /* HeaderView.h */ = {isa = PBXFileReference; fileEncoding = 4; lastKnownFileType = sourcecode.c.h; path = HeaderView.h; sourceTree = "<group>"; };
		B6103D841F344AFE0047B1A1 /* HeaderView.m */ = {isa = PBXFileReference; fileEncoding = 4; lastKnownFileType = sourcecode.c.objc; path = HeaderView.m; sourceTree = "<group>"; };
		B6103D861F344B2B0047B1A1 /* ZJMyButton.h */ = {isa = PBXFileReference; fileEncoding = 4; lastKnownFileType = sourcecode.c.h; path = ZJMyButton.h; sourceTree = "<group>"; };
		B6103D871F344B2B0047B1A1 /* ZJMyButton.m */ = {isa = PBXFileReference; fileEncoding = 4; lastKnownFileType = sourcecode.c.objc; path = ZJMyButton.m; sourceTree = "<group>"; };
		B6103D891F344F540047B1A1 /* btn-_down@2x.png */ = {isa = PBXFileReference; lastKnownFileType = image.png; path = "btn-_down@2x.png"; sourceTree = "<group>"; };
		B623780D1EF91B6F004DE0DB /* SearchDemo.app */ = {isa = PBXFileReference; explicitFileType = wrapper.application; includeInIndex = 0; path = SearchDemo.app; sourceTree = BUILT_PRODUCTS_DIR; };
		B62378111EF91B6F004DE0DB /* main.m */ = {isa = PBXFileReference; lastKnownFileType = sourcecode.c.objc; path = main.m; sourceTree = "<group>"; };
		B62378131EF91B6F004DE0DB /* AppDelegate.h */ = {isa = PBXFileReference; lastKnownFileType = sourcecode.c.h; path = AppDelegate.h; sourceTree = "<group>"; };
		B62378141EF91B6F004DE0DB /* AppDelegate.m */ = {isa = PBXFileReference; lastKnownFileType = sourcecode.c.objc; path = AppDelegate.m; sourceTree = "<group>"; };
		B62378161EF91B6F004DE0DB /* ViewController.h */ = {isa = PBXFileReference; lastKnownFileType = sourcecode.c.h; path = ViewController.h; sourceTree = "<group>"; };
		B62378171EF91B70004DE0DB /* ViewController.m */ = {isa = PBXFileReference; lastKnownFileType = sourcecode.c.objc; path = ViewController.m; sourceTree = "<group>"; };
		B623781A1EF91B70004DE0DB /* Base */ = {isa = PBXFileReference; lastKnownFileType = file.storyboard; name = Base; path = Base.lproj/Main.storyboard; sourceTree = "<group>"; };
		B623781C1EF91B70004DE0DB /* Assets.xcassets */ = {isa = PBXFileReference; lastKnownFileType = folder.assetcatalog; path = Assets.xcassets; sourceTree = "<group>"; };
		B623781F1EF91B70004DE0DB /* Base */ = {isa = PBXFileReference; lastKnownFileType = file.storyboard; name = Base; path = Base.lproj/LaunchScreen.storyboard; sourceTree = "<group>"; };
		B62378211EF91B70004DE0DB /* Info.plist */ = {isa = PBXFileReference; lastKnownFileType = text.plist.xml; path = Info.plist; sourceTree = "<group>"; };
		B62378261EF91B70004DE0DB /* SearchDemoTests.xctest */ = {isa = PBXFileReference; explicitFileType = wrapper.cfbundle; includeInIndex = 0; path = SearchDemoTests.xctest; sourceTree = BUILT_PRODUCTS_DIR; };
		B623782A1EF91B70004DE0DB /* SearchDemoTests.m */ = {isa = PBXFileReference; lastKnownFileType = sourcecode.c.objc; path = SearchDemoTests.m; sourceTree = "<group>"; };
		B623782C1EF91B70004DE0DB /* Info.plist */ = {isa = PBXFileReference; lastKnownFileType = text.plist.xml; path = Info.plist; sourceTree = "<group>"; };
		B62378311EF91B70004DE0DB /* SearchDemoUITests.xctest */ = {isa = PBXFileReference; explicitFileType = wrapper.cfbundle; includeInIndex = 0; path = SearchDemoUITests.xctest; sourceTree = BUILT_PRODUCTS_DIR; };
		B62378351EF91B70004DE0DB /* SearchDemoUITests.m */ = {isa = PBXFileReference; lastKnownFileType = sourcecode.c.objc; path = SearchDemoUITests.m; sourceTree = "<group>"; };
		B62378371EF91B70004DE0DB /* Info.plist */ = {isa = PBXFileReference; lastKnownFileType = text.plist.xml; path = Info.plist; sourceTree = "<group>"; };
		B690BA471F2AE49D0011FD8B /* NSObject+AutoProperty.h */ = {isa = PBXFileReference; lastKnownFileType = sourcecode.c.h; path = "NSObject+AutoProperty.h"; sourceTree = "<group>"; };
		B690BA481F2AE4A30011FD8B /* NSObject+AutoProperty.m */ = {isa = PBXFileReference; fileEncoding = 4; lastKnownFileType = sourcecode.c.objc; path = "NSObject+AutoProperty.m"; sourceTree = "<group>"; };
/* End PBXFileReference section */

/* Begin PBXFrameworksBuildPhase section */
		B623780A1EF91B6F004DE0DB /* Frameworks */ = {
			isa = PBXFrameworksBuildPhase;
			buildActionMask = 2147483647;
			files = (
			);
			runOnlyForDeploymentPostprocessing = 0;
		};
		B62378231EF91B70004DE0DB /* Frameworks */ = {
			isa = PBXFrameworksBuildPhase;
			buildActionMask = 2147483647;
			files = (
			);
			runOnlyForDeploymentPostprocessing = 0;
		};
		B623782E1EF91B70004DE0DB /* Frameworks */ = {
			isa = PBXFrameworksBuildPhase;
			buildActionMask = 2147483647;
			files = (
			);
			runOnlyForDeploymentPostprocessing = 0;
		};
/* End PBXFrameworksBuildPhase section */

/* Begin PBXGroup section */
		B6103D681F344A6A0047B1A1 /* PopOverTools */ = {
			isa = PBXGroup;
			children = (
				B6103D691F344A6A0047B1A1 /* PopOverView */,
				B6103D6D1F344A6A0047B1A1 /* UITextField+PopOver.h */,
				B6103D6E1F344A6A0047B1A1 /* UITextField+PopOver.m */,
			);
			path = PopOverTools;
			sourceTree = "<group>";
		};
		B6103D691F344A6A0047B1A1 /* PopOverView */ = {
			isa = PBXGroup;
			children = (
				B6103D6A1F344A6A0047B1A1 /* popover@2x.png */,
				B6103D6B1F344A6A0047B1A1 /* PopOverView.h */,
				B6103D6C1F344A6A0047B1A1 /* PopOverView.m */,
			);
			path = PopOverView;
			sourceTree = "<group>";
		};
		B6103D721F344A790047B1A1 /* SearchDemo */ = {
			isa = PBXGroup;
			children = (
				B6103D731F344A790047B1A1 /* InputController.h */,
				B6103D741F344A790047B1A1 /* InputController.m */,
				B6103D751F344A790047B1A1 /* Person.h */,
				B6103D761F344A790047B1A1 /* Person.m */,
				B6103D771F344A790047B1A1 /* PersonSearch1Controller.h */,
				B6103D781F344A790047B1A1 /* PersonSearch1Controller.m */,
				B6103D791F344A790047B1A1 /* Search1Controller.h */,
				B6103D7A1F344A790047B1A1 /* Search1Controller.m */,
				B6103D7B1F344A790047B1A1 /* Search2Controller.h */,
				B6103D7C1F344A790047B1A1 /* Search2Controller.m */,
			);
			path = SearchDemo;
			sourceTree = "<group>";
		};
		B6103D821F344AD00047B1A1 /* PopOverViewDemo */ = {
			isa = PBXGroup;
			children = (
				B6103D891F344F540047B1A1 /* btn-_down@2x.png */,
				B6103D861F344B2B0047B1A1 /* ZJMyButton.h */,
				B6103D871F344B2B0047B1A1 /* ZJMyButton.m */,
				B6103D831F344AFE0047B1A1 /* HeaderView.h */,
				B6103D841F344AFE0047B1A1 /* HeaderView.m */,
			);
			path = PopOverViewDemo;
			sourceTree = "<group>";
		};
		B62378041EF91B6F004DE0DB = {
			isa = PBXGroup;
			children = (
				B623780F1EF91B6F004DE0DB /* SearchDemo */,
				B62378291EF91B70004DE0DB /* SearchDemoTests */,
				B62378341EF91B70004DE0DB /* SearchDemoUITests */,
				B623780E1EF91B6F004DE0DB /* Products */,
			);
			sourceTree = "<group>";
		};
		B623780E1EF91B6F004DE0DB /* Products */ = {
			isa = PBXGroup;
			children = (
				B623780D1EF91B6F004DE0DB /* SearchDemo.app */,
				B62378261EF91B70004DE0DB /* SearchDemoTests.xctest */,
				B62378311EF91B70004DE0DB /* SearchDemoUITests.xctest */,
			);
			name = Products;
			sourceTree = "<group>";
		};
		B623780F1EF91B6F004DE0DB /* SearchDemo */ = {
			isa = PBXGroup;
			children = (
				B6103D681F344A6A0047B1A1 /* PopOverTools */,
				B62378131EF91B6F004DE0DB /* AppDelegate.h */,
				B62378141EF91B6F004DE0DB /* AppDelegate.m */,
				B62378161EF91B6F004DE0DB /* ViewController.h */,
				B62378171EF91B70004DE0DB /* ViewController.m */,
				B6103D821F344AD00047B1A1 /* PopOverViewDemo */,
				B6103D721F344A790047B1A1 /* SearchDemo */,
				B62378191EF91B70004DE0DB /* Main.storyboard */,
				B690BA471F2AE49D0011FD8B /* NSObject+AutoProperty.h */,
				B690BA481F2AE4A30011FD8B /* NSObject+AutoProperty.m */,
				B623781C1EF91B70004DE0DB /* Assets.xcassets */,
				B623781E1EF91B70004DE0DB /* LaunchScreen.storyboard */,
				B62378211EF91B70004DE0DB /* Info.plist */,
				B62378101EF91B6F004DE0DB /* Supporting Files */,
			);
			path = SearchDemo;
			sourceTree = "<group>";
		};
		B62378101EF91B6F004DE0DB /* Supporting Files */ = {
			isa = PBXGroup;
			children = (
				B62378111EF91B6F004DE0DB /* main.m */,
			);
			name = "Supporting Files";
			sourceTree = "<group>";
		};
		B62378291EF91B70004DE0DB /* SearchDemoTests */ = {
			isa = PBXGroup;
			children = (
				B623782A1EF91B70004DE0DB /* SearchDemoTests.m */,
				B623782C1EF91B70004DE0DB /* Info.plist */,
			);
			path = SearchDemoTests;
			sourceTree = "<group>";
		};
		B62378341EF91B70004DE0DB /* SearchDemoUITests */ = {
			isa = PBXGroup;
			children = (
				B62378351EF91B70004DE0DB /* SearchDemoUITests.m */,
				B62378371EF91B70004DE0DB /* Info.plist */,
			);
			path = SearchDemoUITests;
			sourceTree = "<group>";
		};
/* End PBXGroup section */

/* Begin PBXNativeTarget section */
		B623780C1EF91B6F004DE0DB /* SearchDemo */ = {
			isa = PBXNativeTarget;
			buildConfigurationList = B623783A1EF91B70004DE0DB /* Build configuration list for PBXNativeTarget "SearchDemo" */;
			buildPhases = (
				B62378091EF91B6F004DE0DB /* Sources */,
				B623780A1EF91B6F004DE0DB /* Frameworks */,
				B623780B1EF91B6F004DE0DB /* Resources */,
			);
			buildRules = (
			);
			dependencies = (
			);
			name = SearchDemo;
			productName = SearchDemo;
			productReference = B623780D1EF91B6F004DE0DB /* SearchDemo.app */;
			productType = "com.apple.product-type.application";
		};
		B62378251EF91B70004DE0DB /* SearchDemoTests */ = {
			isa = PBXNativeTarget;
			buildConfigurationList = B623783D1EF91B70004DE0DB /* Build configuration list for PBXNativeTarget "SearchDemoTests" */;
			buildPhases = (
				B62378221EF91B70004DE0DB /* Sources */,
				B62378231EF91B70004DE0DB /* Frameworks */,
				B62378241EF91B70004DE0DB /* Resources */,
			);
			buildRules = (
			);
			dependencies = (
				B62378281EF91B70004DE0DB /* PBXTargetDependency */,
			);
			name = SearchDemoTests;
			productName = SearchDemoTests;
			productReference = B62378261EF91B70004DE0DB /* SearchDemoTests.xctest */;
			productType = "com.apple.product-type.bundle.unit-test";
		};
		B62378301EF91B70004DE0DB /* SearchDemoUITests */ = {
			isa = PBXNativeTarget;
			buildConfigurationList = B62378401EF91B70004DE0DB /* Build configuration list for PBXNativeTarget "SearchDemoUITests" */;
			buildPhases = (
				B623782D1EF91B70004DE0DB /* Sources */,
				B623782E1EF91B70004DE0DB /* Frameworks */,
				B623782F1EF91B70004DE0DB /* Resources */,
			);
			buildRules = (
			);
			dependencies = (
				B62378331EF91B70004DE0DB /* PBXTargetDependency */,
			);
			name = SearchDemoUITests;
			productName = SearchDemoUITests;
			productReference = B62378311EF91B70004DE0DB /* SearchDemoUITests.xctest */;
			productType = "com.apple.product-type.bundle.ui-testing";
		};
/* End PBXNativeTarget section */

/* Begin PBXProject section */
		B62378051EF91B6F004DE0DB /* Project object */ = {
			isa = PBXProject;
			attributes = {
				LastUpgradeCheck = 0830;
				ORGANIZATIONNAME = Youjuke;
				TargetAttributes = {
					B623780C1EF91B6F004DE0DB = {
						CreatedOnToolsVersion = 8.3;
						ProvisioningStyle = Automatic;
					};
					B62378251EF91B70004DE0DB = {
						CreatedOnToolsVersion = 8.3;
						ProvisioningStyle = Automatic;
						TestTargetID = B623780C1EF91B6F004DE0DB;
					};
					B62378301EF91B70004DE0DB = {
						CreatedOnToolsVersion = 8.3;
						ProvisioningStyle = Automatic;
						TestTargetID = B623780C1EF91B6F004DE0DB;
					};
				};
			};
			buildConfigurationList = B62378081EF91B6F004DE0DB /* Build configuration list for PBXProject "SearchDemo" */;
			compatibilityVersion = "Xcode 3.2";
			developmentRegion = English;
			hasScannedForEncodings = 0;
			knownRegions = (
				en,
				Base,
			);
			mainGroup = B62378041EF91B6F004DE0DB;
			productRefGroup = B623780E1EF91B6F004DE0DB /* Products */;
			projectDirPath = "";
			projectRoot = "";
			targets = (
				B623780C1EF91B6F004DE0DB /* SearchDemo */,
				B62378251EF91B70004DE0DB /* SearchDemoTests */,
				B62378301EF91B70004DE0DB /* SearchDemoUITests */,
			);
		};
/* End PBXProject section */

/* Begin PBXResourcesBuildPhase section */
		B623780B1EF91B6F004DE0DB /* Resources */ = {
			isa = PBXResourcesBuildPhase;
			buildActionMask = 2147483647;
			files = (
				B62378201EF91B70004DE0DB /* LaunchScreen.storyboard in Resources */,
				B623781D1EF91B70004DE0DB /* Assets.xcassets in Resources */,
				B6103D6F1F344A6A0047B1A1 /* popover@2x.png in Resources */,
				B623781B1EF91B70004DE0DB /* Main.storyboard in Resources */,
				B6103D8A1F344F540047B1A1 /* btn-_down@2x.png in Resources */,
			);
			runOnlyForDeploymentPostprocessing = 0;
		};
		B62378241EF91B70004DE0DB /* Resources */ = {
			isa = PBXResourcesBuildPhase;
			buildActionMask = 2147483647;
			files = (
			);
			runOnlyForDeploymentPostprocessing = 0;
		};
		B623782F1EF91B70004DE0DB /* Resources */ = {
			isa = PBXResourcesBuildPhase;
			buildActionMask = 2147483647;
			files = (
			);
			runOnlyForDeploymentPostprocessing = 0;
		};
/* End PBXResourcesBuildPhase section */

/* Begin PBXSourcesBuildPhase section */
		B62378091EF91B6F004DE0DB /* Sources */ = {
			isa = PBXSourcesBuildPhase;
			buildActionMask = 2147483647;
			files = (
				B6103D701F344A6A0047B1A1 /* PopOverView.m in Sources */,
				B6103D881F344B2B0047B1A1 /* ZJMyButton.m in Sources */,
				B62378181EF91B70004DE0DB /* ViewController.m in Sources */,
				B6103D7E1F344A790047B1A1 /* Person.m in Sources */,
				B62378151EF91B6F004DE0DB /* AppDelegate.m in Sources */,
				B6103D811F344A790047B1A1 /* Search2Controller.m in Sources */,
				B6103D711F344A6A0047B1A1 /* UITextField+PopOver.m in Sources */,
				B6103D7D1F344A790047B1A1 /* InputController.m in Sources */,
				B6103D851F344AFE0047B1A1 /* HeaderView.m in Sources */,
				B6103D7F1F344A790047B1A1 /* PersonSearch1Controller.m in Sources */,
				B6103D801F344A790047B1A1 /* Search1Controller.m in Sources */,
				B690BA491F2AE4A30011FD8B /* NSObject+AutoProperty.m in Sources */,
				B62378121EF91B6F004DE0DB /* main.m in Sources */,
			);
			runOnlyForDeploymentPostprocessing = 0;
		};
		B62378221EF91B70004DE0DB /* Sources */ = {
			isa = PBXSourcesBuildPhase;
			buildActionMask = 2147483647;
			files = (
				B623782B1EF91B70004DE0DB /* SearchDemoTests.m in Sources */,
			);
			runOnlyForDeploymentPostprocessing = 0;
		};
		B623782D1EF91B70004DE0DB /* Sources */ = {
			isa = PBXSourcesBuildPhase;
			buildActionMask = 2147483647;
			files = (
				B62378361EF91B70004DE0DB /* SearchDemoUITests.m in Sources */,
			);
			runOnlyForDeploymentPostprocessing = 0;
		};
/* End PBXSourcesBuildPhase section */

/* Begin PBXTargetDependency section */
		B62378281EF91B70004DE0DB /* PBXTargetDependency */ = {
			isa = PBXTargetDependency;
			target = B623780C1EF91B6F004DE0DB /* SearchDemo */;
			targetProxy = B62378271EF91B70004DE0DB /* PBXContainerItemProxy */;
		};
		B62378331EF91B70004DE0DB /* PBXTargetDependency */ = {
			isa = PBXTargetDependency;
			target = B623780C1EF91B6F004DE0DB /* SearchDemo */;
			targetProxy = B62378321EF91B70004DE0DB /* PBXContainerItemProxy */;
		};
/* End PBXTargetDependency section */

/* Begin PBXVariantGroup section */
		B62378191EF91B70004DE0DB /* Main.storyboard */ = {
			isa = PBXVariantGroup;
			children = (
				B623781A1EF91B70004DE0DB /* Base */,
			);
			name = Main.storyboard;
			sourceTree = "<group>";
		};
		B623781E1EF91B70004DE0DB /* LaunchScreen.storyboard */ = {
			isa = PBXVariantGroup;
			children = (
				B623781F1EF91B70004DE0DB /* Base */,
			);
			name = LaunchScreen.storyboard;
			sourceTree = "<group>";
		};
/* End PBXVariantGroup section */

/* Begin XCBuildConfiguration section */
		B62378381EF91B70004DE0DB /* Debug */ = {
			isa = XCBuildConfiguration;
			buildSettings = {
				ALWAYS_SEARCH_USER_PATHS = NO;
				CLANG_ANALYZER_NONNULL = YES;
				CLANG_ANALYZER_NUMBER_OBJECT_CONVERSION = YES_AGGRESSIVE;
				CLANG_CXX_LANGUAGE_STANDARD = "gnu++0x";
				CLANG_CXX_LIBRARY = "libc++";
				CLANG_ENABLE_MODULES = YES;
				CLANG_ENABLE_OBJC_ARC = YES;
				CLANG_WARN_BOOL_CONVERSION = YES;
				CLANG_WARN_CONSTANT_CONVERSION = YES;
				CLANG_WARN_DIRECT_OBJC_ISA_USAGE = YES_ERROR;
				CLANG_WARN_DOCUMENTATION_COMMENTS = YES;
				CLANG_WARN_EMPTY_BODY = YES;
				CLANG_WARN_ENUM_CONVERSION = YES;
				CLANG_WARN_INFINITE_RECURSION = YES;
				CLANG_WARN_INT_CONVERSION = YES;
				CLANG_WARN_OBJC_ROOT_CLASS = YES_ERROR;
				CLANG_WARN_SUSPICIOUS_MOVE = YES;
				CLANG_WARN_UNREACHABLE_CODE = YES;
				CLANG_WARN__DUPLICATE_METHOD_MATCH = YES;
				"CODE_SIGN_IDENTITY[sdk=iphoneos*]" = "iPhone Developer";
				COPY_PHASE_STRIP = NO;
				DEBUG_INFORMATION_FORMAT = dwarf;
				ENABLE_STRICT_OBJC_MSGSEND = YES;
				ENABLE_TESTABILITY = YES;
				GCC_C_LANGUAGE_STANDARD = gnu99;
				GCC_DYNAMIC_NO_PIC = NO;
				GCC_NO_COMMON_BLOCKS = YES;
				GCC_OPTIMIZATION_LEVEL = 0;
				GCC_PREPROCESSOR_DEFINITIONS = (
					"DEBUG=1",
					"$(inherited)",
				);
				GCC_WARN_64_TO_32_BIT_CONVERSION = YES;
				GCC_WARN_ABOUT_RETURN_TYPE = YES_ERROR;
				GCC_WARN_UNDECLARED_SELECTOR = YES;
				GCC_WARN_UNINITIALIZED_AUTOS = YES_AGGRESSIVE;
				GCC_WARN_UNUSED_FUNCTION = YES;
				GCC_WARN_UNUSED_VARIABLE = YES;
				IPHONEOS_DEPLOYMENT_TARGET = 10.3;
				MTL_ENABLE_DEBUG_INFO = YES;
				ONLY_ACTIVE_ARCH = YES;
				SDKROOT = iphoneos;
			};
			name = Debug;
		};
		B62378391EF91B70004DE0DB /* Release */ = {
			isa = XCBuildConfiguration;
			buildSettings = {
				ALWAYS_SEARCH_USER_PATHS = NO;
				CLANG_ANALYZER_NONNULL = YES;
				CLANG_ANALYZER_NUMBER_OBJECT_CONVERSION = YES_AGGRESSIVE;
				CLANG_CXX_LANGUAGE_STANDARD = "gnu++0x";
				CLANG_CXX_LIBRARY = "libc++";
				CLANG_ENABLE_MODULES = YES;
				CLANG_ENABLE_OBJC_ARC = YES;
				CLANG_WARN_BOOL_CONVERSION = YES;
				CLANG_WARN_CONSTANT_CONVERSION = YES;
				CLANG_WARN_DIRECT_OBJC_ISA_USAGE = YES_ERROR;
				CLANG_WARN_DOCUMENTATION_COMMENTS = YES;
				CLANG_WARN_EMPTY_BODY = YES;
				CLANG_WARN_ENUM_CONVERSION = YES;
				CLANG_WARN_INFINITE_RECURSION = YES;
				CLANG_WARN_INT_CONVERSION = YES;
				CLANG_WARN_OBJC_ROOT_CLASS = YES_ERROR;
				CLANG_WARN_SUSPICIOUS_MOVE = YES;
				CLANG_WARN_UNREACHABLE_CODE = YES;
				CLANG_WARN__DUPLICATE_METHOD_MATCH = YES;
				"CODE_SIGN_IDENTITY[sdk=iphoneos*]" = "iPhone Developer";
				COPY_PHASE_STRIP = NO;
				DEBUG_INFORMATION_FORMAT = "dwarf-with-dsym";
				ENABLE_NS_ASSERTIONS = NO;
				ENABLE_STRICT_OBJC_MSGSEND = YES;
				GCC_C_LANGUAGE_STANDARD = gnu99;
				GCC_NO_COMMON_BLOCKS = YES;
				GCC_WARN_64_TO_32_BIT_CONVERSION = YES;
				GCC_WARN_ABOUT_RETURN_TYPE = YES_ERROR;
				GCC_WARN_UNDECLARED_SELECTOR = YES;
				GCC_WARN_UNINITIALIZED_AUTOS = YES_AGGRESSIVE;
				GCC_WARN_UNUSED_FUNCTION = YES;
				GCC_WARN_UNUSED_VARIABLE = YES;
				IPHONEOS_DEPLOYMENT_TARGET = 10.3;
				MTL_ENABLE_DEBUG_INFO = NO;
				SDKROOT = iphoneos;
				VALIDATE_PRODUCT = YES;
			};
			name = Release;
		};
		B623783B1EF91B70004DE0DB /* Debug */ = {
			isa = XCBuildConfiguration;
			buildSettings = {
				ASSETCATALOG_COMPILER_APPICON_NAME = AppIcon;
				INFOPLIST_FILE = SearchDemo/Info.plist;
				IPHONEOS_DEPLOYMENT_TARGET = 8.0;
				LD_RUNPATH_SEARCH_PATHS = "$(inherited) @executable_path/Frameworks";
				PRODUCT_BUNDLE_IDENTIFIER = com.youjuke.SearchDemo;
				PRODUCT_NAME = "$(TARGET_NAME)";
			};
			name = Debug;
		};
		B623783C1EF91B70004DE0DB /* Release */ = {
			isa = XCBuildConfiguration;
			buildSettings = {
				ASSETCATALOG_COMPILER_APPICON_NAME = AppIcon;
				INFOPLIST_FILE = SearchDemo/Info.plist;
				IPHONEOS_DEPLOYMENT_TARGET = 8.0;
				LD_RUNPATH_SEARCH_PATHS = "$(inherited) @executable_path/Frameworks";
				PRODUCT_BUNDLE_IDENTIFIER = com.youjuke.SearchDemo;
				PRODUCT_NAME = "$(TARGET_NAME)";
			};
			name = Release;
		};
		B623783E1EF91B70004DE0DB /* Debug */ = {
			isa = XCBuildConfiguration;
			buildSettings = {
				BUNDLE_LOADER = "$(TEST_HOST)";
				INFOPLIST_FILE = SearchDemoTests/Info.plist;
				LD_RUNPATH_SEARCH_PATHS = "$(inherited) @executable_path/Frameworks @loader_path/Frameworks";
				PRODUCT_BUNDLE_IDENTIFIER = com.youjuke.SearchDemoTests;
				PRODUCT_NAME = "$(TARGET_NAME)";
				TEST_HOST = "$(BUILT_PRODUCTS_DIR)/SearchDemo.app/SearchDemo";
			};
			name = Debug;
		};
		B623783F1EF91B70004DE0DB /* Release */ = {
			isa = XCBuildConfiguration;
			buildSettings = {
				BUNDLE_LOADER = "$(TEST_HOST)";
				INFOPLIST_FILE = SearchDemoTests/Info.plist;
				LD_RUNPATH_SEARCH_PATHS = "$(inherited) @executable_path/Frameworks @loader_path/Frameworks";
				PRODUCT_BUNDLE_IDENTIFIER = com.youjuke.SearchDemoTests;
				PRODUCT_NAME = "$(TARGET_NAME)";
				TEST_HOST = "$(BUILT_PRODUCTS_DIR)/SearchDemo.app/SearchDemo";
			};
			name = Release;
		};
		B62378411EF91B70004DE0DB /* Debug */ = {
			isa = XCBuildConfiguration;
			buildSettings = {
				INFOPLIST_FILE = SearchDemoUITests/Info.plist;
				LD_RUNPATH_SEARCH_PATHS = "$(inherited) @executable_path/Frameworks @loader_path/Frameworks";
				PRODUCT_BUNDLE_IDENTIFIER = com.youjuke.SearchDemoUITests;
				PRODUCT_NAME = "$(TARGET_NAME)";
				TEST_TARGET_NAME = SearchDemo;
			};
			name = Debug;
		};
		B62378421EF91B70004DE0DB /* Release */ = {
			isa = XCBuildConfiguration;
			buildSettings = {
				INFOPLIST_FILE = SearchDemoUITests/Info.plist;
				LD_RUNPATH_SEARCH_PATHS = "$(inherited) @executable_path/Frameworks @loader_path/Frameworks";
				PRODUCT_BUNDLE_IDENTIFIER = com.youjuke.SearchDemoUITests;
				PRODUCT_NAME = "$(TARGET_NAME)";
				TEST_TARGET_NAME = SearchDemo;
			};
			name = Release;
		};
/* End XCBuildConfiguration section */

/* Begin XCConfigurationList section */
		B62378081EF91B6F004DE0DB /* Build configuration list for PBXProject "SearchDemo" */ = {
			isa = XCConfigurationList;
			buildConfigurations = (
				B62378381EF91B70004DE0DB /* Debug */,
				B62378391EF91B70004DE0DB /* Release */,
			);
			defaultConfigurationIsVisible = 0;
			defaultConfigurationName = Release;
		};
		B623783A1EF91B70004DE0DB /* Build configuration list for PBXNativeTarget "SearchDemo" */ = {
			isa = XCConfigurationList;
			buildConfigurations = (
				B623783B1EF91B70004DE0DB /* Debug */,
				B623783C1EF91B70004DE0DB /* Release */,
			);
			defaultConfigurationIsVisible = 0;
			defaultConfigurationName = Release;
		};
		B623783D1EF91B70004DE0DB /* Build configuration list for PBXNativeTarget "SearchDemoTests" */ = {
			isa = XCConfigurationList;
			buildConfigurations = (
				B623783E1EF91B70004DE0DB /* Debug */,
				B623783F1EF91B70004DE0DB /* Release */,
			);
			defaultConfigurationIsVisible = 0;
			defaultConfigurationName = Release;
		};
		B62378401EF91B70004DE0DB /* Build configuration list for PBXNativeTarget "SearchDemoUITests" */ = {
			isa = XCConfigurationList;
			buildConfigurations = (
				B62378411EF91B70004DE0DB /* Debug */,
				B62378421EF91B70004DE0DB /* Release */,
			);
			defaultConfigurationIsVisible = 0;
			defaultConfigurationName = Release;
		};
/* End XCConfigurationList section */
	};
	rootObject = B62378051EF91B6F004DE0DB /* Project object */;
}
